
Microsoft Visual Studio Solution File, Format Version 12.00
# Visual Studio Version 16
VisualStudioVersion = 16.0.31911.196
MinimumVisualStudioVersion = 10.0.40219.1
Project("{FAE04EC0-301F-11D3-BF4B-00C04F79EFBC}") = "Contacts.UWP", "Contacts.UWP\Contacts.UWP.csproj", "{EFF64366-31FE-4862-BAF5-E9C04302DA42}"
EndProject
Project("{FAE04EC0-301F-11D3-BF4B-00C04F79EFBC}") = "Contacts.Android", "Contacts.Android\Contacts.Android.csproj", "{1B243548-5103-4794-93F5-3FCAA4A6BFFF}"
EndProject
Project("{FAE04EC0-301F-11D3-BF4B-00C04F79EFBC}") = "Contacts.iOS", "Contacts.iOS\Contacts.iOS.csproj", "{B6C7F8F9-7343-4D03-8A12-9CCEFBDDEEB3}"
EndProject
Project("{FAE04EC0-301F-11D3-BF4B-00C04F79EFBC}") = "Contacts", "Contacts\Contacts.csproj", "{8F32FD90-6DDE-4713-88D5-AC2C4670B223}"
EndProject
Global
	GlobalSection(SolutionConfigurationPlatforms) = preSolution
		Debug|Any CPU = Debug|Any CPU
		Debug|ARM = Debug|ARM
		Debug|iPhone = Debug|iPhone
		Debug|iPhoneSimulator = Debug|iPhoneSimulator
		Debug|x64 = Debug|x64
		Debug|x86 = Debug|x86
		Release|Any CPU = Release|Any CPU
		Release|ARM = Release|ARM
		Release|iPhone = Release|iPhone
		Release|iPhoneSimulator = Release|iPhoneSimulator
		Release|x64 = Release|x64
		Release|x86 = Release|x86
	EndGlobalSection
	GlobalSection(ProjectConfigurationPlatforms) = postSolution
		{EFF64366-31FE-4862-BAF5-E9C04302DA42}.Debug|Any CPU.ActiveCfg = Debug|x86
		{EFF64366-31FE-4862-BAF5-E9C04302DA42}.Debug|Any CPU.Build.0 = Debug|x86
		{EFF64366-31FE-4862-BAF5-E9C04302DA42}.Debug|Any CPU.Deploy.0 = Debug|x86
		{EFF64366-31FE-4862-BAF5-E9C04302DA42}.Debug|ARM.ActiveCfg = Debug|ARM
		{EFF64366-31FE-4862-BAF5-E9C04302DA42}.Debug|ARM.Build.0 = Debug|ARM
		{EFF64366-31FE-4862-BAF5-E9C04302DA42}.Debug|ARM.Deploy.0 = Debug|ARM
		{EFF64366-31FE-4862-BAF5-E9C04302DA42}.Debug|iPhone.ActiveCfg = Debug|x86
		{EFF64366-31FE-4862-BAF5-E9C04302DA42}.Debug|iPhone.Build.0 = Debug|x86
		{EFF64366-31FE-4862-BAF5-E9C04302DA42}.Debug|iPhone.Deploy.0 = Debug|x86
		{EFF64366-31FE-4862-BAF5-E9C04302DA42}.Debug|iPhoneSimulator.ActiveCfg = Debug|x86
		{EFF64366-31FE-4862-BAF5-E9C04302DA42}.Debug|iPhoneSimulator.Build.0 = Debug|x86
		{EFF64366-31FE-4862-BAF5-E9C04302DA42}.Debug|iPhoneSimulator.Deploy.0 = Debug|x86
		{EFF64366-31FE-4862-BAF5-E9C04302DA42}.Debug|x64.ActiveCfg = Debug|x64
		{EFF64366-31FE-4862-BAF5-E9C04302DA42}.Debug|x64.Build.0 = Debug|x64
		{EFF64366-31FE-4862-BAF5-E9C04302DA42}.Debug|x64.Deploy.0 = Debug|x64
		{EFF64366-31FE-4862-BAF5-E9C04302DA42}.Debug|x86.ActiveCfg = Debug|x86
		{EFF64366-31FE-4862-BAF5-E9C04302DA42}.Debug|x86.Build.0 = Debug|x86
		{EFF64366-31FE-4862-BAF5-E9C04302DA42}.Debug|x86.Deploy.0 = Debug|x86
		{EFF64366-31FE-4862-BAF5-E9C04302DA42}.Release|Any CPU.ActiveCfg = Release|x86
		{EFF64366-31FE-4862-BAF5-E9C04302DA42}.Release|Any CPU.Build.0 = Release|x86
		{EFF64366-31FE-4862-BAF5-E9C04302DA42}.Release|Any CPU.Deploy.0 = Release|x86
		{EFF64366-31FE-4862-BAF5-E9C04302DA42}.Release|ARM.ActiveCfg = Release|ARM
		{EFF64366-31FE-4862-BAF5-E9C04302DA42}.Release|ARM.Build.0 = Release|ARM
		{EFF64366-31FE-4862-BAF5-E9C04302DA42}.Release|ARM.Deploy.0 = Release|ARM
		{EFF64366-31FE-4862-BAF5-E9C04302DA42}.Release|iPhone.ActiveCfg = Release|x86
		{EFF64366-31FE-4862-BAF5-E9C04302DA42}.Release|iPhone.Build.0 = Release|x86
		{EFF64366-31FE-4862-BAF5-E9C04302DA42}.Release|iPhone.Deploy.0 = Release|x86
		{EFF64366-31FE-4862-BAF5-E9C04302DA42}.Release|iPhoneSimulator.ActiveCfg = Release|x86
		{EFF64366-31FE-4862-BAF5-E9C04302DA42}.Release|iPhoneSimulator.Build.0 = Release|x86
		{EFF64366-31FE-4862-BAF5-E9C04302DA42}.Release|iPhoneSimulator.Deploy.0 = Release|x86
		{EFF64366-31FE-4862-BAF5-E9C04302DA42}.Release|x64.ActiveCfg = Release|x64
		{EFF64366-31FE-4862-BAF5-E9C04302DA42}.Release|x64.Build.0 = Release|x64
		{EFF64366-31FE-4862-BAF5-E9C04302DA42}.Release|x64.Deploy.0 = Release|x64
		{EFF64366-31FE-4862-BAF5-E9C04302DA42}.Release|x86.ActiveCfg = Release|x86
		{EFF64366-31FE-4862-BAF5-E9C04302DA42}.Release|x86.Build.0 = Release|x86
		{EFF64366-31FE-4862-BAF5-E9C04302DA42}.Release|x86.Deploy.0 = Release|x86
		{1B243548-5103-4794-93F5-3FCAA4A6BFFF}.Debug|Any CPU.ActiveCfg = Debug|Any CPU
		{1B243548-5103-4794-93F5-3FCAA4A6BFFF}.Debug|Any CPU.Build.0 = Debug|Any CPU
		{1B243548-5103-4794-93F5-3FCAA4A6BFFF}.Debug|Any CPU.Deploy.0 = Debug|Any CPU
		{1B243548-5103-4794-93F5-3FCAA4A6BFFF}.Debug|ARM.ActiveCfg = Debug|Any CPU
		{1B243548-5103-4794-93F5-3FCAA4A6BFFF}.Debug|ARM.Build.0 = Debug|Any CPU
		{1B243548-5103-4794-93F5-3FCAA4A6BFFF}.Debug|ARM.Deploy.0 = Debug|Any CPU
		{1B243548-5103-4794-93F5-3FCAA4A6BFFF}.Debug|iPhone.ActiveCfg = Debug|Any CPU
		{1B243548-5103-4794-93F5-3FCAA4A6BFFF}.Debug|iPhone.Build.0 = Debug|Any CPU
		{1B243548-5103-4794-93F5-3FCAA4A6BFFF}.Debug|iPhone.Deploy.0 = Debug|Any CPU
		{1B243548-5103-4794-93F5-3FCAA4A6BFFF}.Debug|iPhoneSimulator.ActiveCfg = Debug|Any CPU
		{1B243548-5103-4794-93F5-3FCAA4A6BFFF}.Debug|iPhoneSimulator.Build.0 = Debug|Any CPU
		{1B243548-5103-4794-93F5-3FCAA4A6BFFF}.Debug|iPhoneSimulator.Deploy.0 = Debug|Any CPU
		{1B243548-5103-4794-93F5-3FCAA4A6BFFF}.Debug|x64.ActiveCfg = Debug|Any CPU
		{1B243548-5103-4794-93F5-3FCAA4A6BFFF}.Debug|x64.Build.0 = Debug|Any CPU
		{1B243548-5103-4794-93F5-3FCAA4A6BFFF}.Debug|x64.Deploy.0 = Debug|Any CPU
		{1B243548-5103-4794-93F5-3FCAA4A6BFFF}.Debug|x86.ActiveCfg = Debug|Any CPU
		{1B243548-5103-4794-93F5-3FCAA4A6BFFF}.Debug|x86.Build.0 = Debug|Any CPU
		{1B243548-5103-4794-93F5-3FCAA4A6BFFF}.Debug|x86.Deploy.0 = Debug|Any CPU
		{1B243548-5103-4794-93F5-3FCAA4A6BFFF}.Release|Any CPU.ActiveCfg = Release|Any CPU
		{1B243548-5103-4794-93F5-3FCAA4A6BFFF}.Release|Any CPU.Build.0 = Release|Any CPU
		{1B243548-5103-4794-93F5-3FCAA4A6BFFF}.Release|Any CPU.Deploy.0 = Release|Any CPU
		{1B243548-5103-4794-93F5-3FCAA4A6BFFF}.Release|ARM.ActiveCfg = Release|Any CPU
		{1B243548-5103-4794-93F5-3FCAA4A6BFFF}.Release|ARM.Build.0 = Release|Any CPU
		{1B243548-5103-4794-93F5-3FCAA4A6BFFF}.Release|ARM.Deploy.0 = Release|Any CPU
		{1B243548-5103-4794-93F5-3FCAA4A6BFFF}.Release|iPhone.ActiveCfg = Release|Any CPU
		{1B243548-5103-4794-93F5-3FCAA4A6BFFF}.Release|iPhone.Build.0 = Release|Any CPU
		{1B243548-5103-4794-93F5-3FCAA4A6BFFF}.Release|iPhone.Deploy.0 = Release|Any CPU
		{1B243548-5103-4794-93F5-3FCAA4A6BFFF}.Release|iPhoneSimulator.ActiveCfg = Release|Any CPU
		{1B243548-5103-4794-93F5-3FCAA4A6BFFF}.Release|iPhoneSimulator.Build.0 = Release|Any CPU
		{1B243548-5103-4794-93F5-3FCAA4A6BFFF}.Release|iPhoneSimulator.Deploy.0 = Release|Any CPU
		{1B243548-5103-4794-93F5-3FCAA4A6BFFF}.Release|x64.ActiveCfg = Release|Any CPU
		{1B243548-5103-4794-93F5-3FCAA4A6BFFF}.Release|x64.Build.0 = Release|Any CPU
		{1B243548-5103-4794-93F5-3FCAA4A6BFFF}.Release|x64.Deploy.0 = Release|Any CPU
		{1B243548-5103-4794-93F5-3FCAA4A6BFFF}.Release|x86.ActiveCfg = Release|Any CPU
		{1B243548-5103-4794-93F5-3FCAA4A6BFFF}.Release|x86.Build.0 = Release|Any CPU
		{1B243548-5103-4794-93F5-3FCAA4A6BFFF}.Release|x86.Deploy.0 = Release|Any CPU
		{B6C7F8F9-7343-4D03-8A12-9CCEFBDDEEB3}.Debug|Any CPU.ActiveCfg = Debug|iPhoneSimulator
		{B6C7F8F9-7343-4D03-8A12-9CCEFBDDEEB3}.Debug|Any CPU.Build.0 = Debug|iPhoneSimulator
		{B6C7F8F9-7343-4D03-8A12-9CCEFBDDEEB3}.Debug|Any CPU.Deploy.0 = Debug|iPhoneSimulator
		{B6C7F8F9-7343-4D03-8A12-9CCEFBDDEEB3}.Debug|ARM.ActiveCfg = Debug|iPhone
		{B6C7F8F9-7343-4D03-8A12-9CCEFBDDEEB3}.Debug|ARM.Build.0 = Debug|iPhone
		{B6C7F8F9-7343-4D03-8A12-9CCEFBDDEEB3}.Debug|ARM.Deploy.0 = Debug|iPhone
		{B6C7F8F9-7343-4D03-8A12-9CCEFBDDEEB3}.Debug|iPhone.ActiveCfg = Debug|iPhone
		{B6C7F8F9-7343-4D03-8A12-9CCEFBDDEEB3}.Debug|iPhone.Build.0 = Debug|iPhone
		{B6C7F8F9-7343-4D03-8A12-9CCEFBDDEEB3}.Debug|iPhone.Deploy.0 = Debug|iPhone
		{B6C7F8F9-7343-4D03-8A12-9CCEFBDDEEB3}.Debug|iPhoneSimulator.ActiveCfg = Debug|iPhoneSimulator
		{B6C7F8F9-7343-4D03-8A12-9CCEFBDDEEB3}.Debug|iPhoneSimulator.Build.0 = Debug|iPhoneSimulator
		{B6C7F8F9-7343-4D03-8A12-9CCEFBDDEEB3}.Debug|iPhoneSimulator.Deploy.0 = Debug|iPhoneSimulator
		{B6C7F8F9-7343-4D03-8A12-9CCEFBDDEEB3}.Debug|x64.ActiveCfg = Debug|iPhoneSimulator
		{B6C7F8F9-7343-4D03-8A12-9CCEFBDDEEB3}.Debug|x64.Build.0 = Debug|iPhoneSimulator
		{B6C7F8F9-7343-4D03-8A12-9CCEFBDDEEB3}.Debug|x64.Deploy.0 = Debug|iPhoneSimulator
		{B6C7F8F9-7343-4D03-8A12-9CCEFBDDEEB3}.Debug|x86.ActiveCfg = Debug|iPhoneSimulator
		{B6C7F8F9-7343-4D03-8A12-9CCEFBDDEEB3}.Debug|x86.Build.0 = Debug|iPhoneSimulator
		{B6C7F8F9-7343-4D03-8A12-9CCEFBDDEEB3}.Debug|x86.Deploy.0 = Debug|iPhoneSimulator
		{B6C7F8F9-7343-4D03-8A12-9CCEFBDDEEB3}.Release|Any CPU.ActiveCfg = Release|iPhoneSimulator
		{B6C7F8F9-7343-4D03-8A12-9CCEFBDDEEB3}.Release|Any CPU.Build.0 = Release|iPhoneSimulator
		{B6C7F8F9-7343-4D03-8A12-9CCEFBDDEEB3}.Release|Any CPU.Deploy.0 = Release|iPhoneSimulator
		{B6C7F8F9-7343-4D03-8A12-9CCEFBDDEEB3}.Release|ARM.ActiveCfg = Release|iPhoneSimulator
		{B6C7F8F9-7343-4D03-8A12-9CCEFBDDEEB3}.Release|ARM.Build.0 = Release|iPhoneSimulator
		{B6C7F8F9-7343-4D03-8A12-9CCEFBDDEEB3}.Release|ARM.Deploy.0 = Release|iPhoneSimulator
		{B6C7F8F9-7343-4D03-8A12-9CCEFBDDEEB3}.Release|iPhone.ActiveCfg = Release|iPhone
		{B6C7F8F9-7343-4D03-8A12-9CCEFBDDEEB3}.Release|iPhone.Build.0 = Release|iPhone
		{B6C7F8F9-7343-4D03-8A12-9CCEFBDDEEB3}.Release|iPhone.Deploy.0 = Release|iPhone
		{B6C7F8F9-7343-4D03-8A12-9CCEFBDDEEB3}.Release|iPhoneSimulator.ActiveCfg = Release|iPhoneSimulator
		{B6C7F8F9-7343-4D03-8A12-9CCEFBDDEEB3}.Release|iPhoneSimulator.Build.0 = Release|iPhoneSimulator
		{B6C7F8F9-7343-4D03-8A12-9CCEFBDDEEB3}.Release|iPhoneSimulator.Deploy.0 = Release|iPhoneSimulator
		{B6C7F8F9-7343-4D03-8A12-9CCEFBDDEEB3}.Release|x64.ActiveCfg = Release|iPhoneSimulator
		{B6C7F8F9-7343-4D03-8A12-9CCEFBDDEEB3}.Release|x64.Build.0 = Release|iPhoneSimulator
		{B6C7F8F9-7343-4D03-8A12-9CCEFBDDEEB3}.Release|x64.Deploy.0 = Release|iPhoneSimulator
		{B6C7F8F9-7343-4D03-8A12-9CCEFBDDEEB3}.Release|x86.ActiveCfg = Release|iPhoneSimulator
		{B6C7F8F9-7343-4D03-8A12-9CCEFBDDEEB3}.Release|x86.Build.0 = Release|iPhoneSimulator
		{B6C7F8F9-7343-4D03-8A12-9CCEFBDDEEB3}.Release|x86.Deploy.0 = Release|iPhoneSimulator
		{8F32FD90-6DDE-4713-88D5-AC2C4670B223}.Debug|Any CPU.ActiveCfg = Debug|Any CPU
		{8F32FD90-6DDE-4713-88D5-AC2C4670B223}.Debug|Any CPU.Build.0 = Debug|Any CPU
		{8F32FD90-6DDE-4713-88D5-AC2C4670B223}.Debug|Any CPU.Deploy.0 = Debug|Any CPU
		{8F32FD90-6DDE-4713-88D5-AC2C4670B223}.Debug|ARM.ActiveCfg = Debug|Any CPU
		{8F32FD90-6DDE-4713-88D5-AC2C4670B223}.Debug|ARM.Build.0 = Debug|Any CPU
		{8F32FD90-6DDE-4713-88D5-AC2C4670B223}.Debug|ARM.Deploy.0 = Debug|Any CPU
		{8F32FD90-6DDE-4713-88D5-AC2C4670B223}.Debug|iPhone.ActiveCfg = Debug|Any CPU
		{8F32FD90-6DDE-4713-88D5-AC2C4670B223}.Debug|iPhone.Build.0 = Debug|Any CPU
		{8F32FD90-6DDE-4713-88D5-AC2C4670B223}.Debug|iPhone.Deploy.0 = Debug|Any CPU
		{8F32FD90-6DDE-4713-88D5-AC2C4670B223}.Debug|iPhoneSimulator.ActiveCfg = Debug|Any CPU
		{8F32FD90-6DDE-4713-88D5-AC2C4670B223}.Debug|iPhoneSimulator.Build.0 = Debug|Any CPU
		{8F32FD90-6DDE-4713-88D5-AC2C4670B223}.Debug|iPhoneSimulator.Deploy.0 = Debug|Any CPU
		{8F32FD90-6DDE-4713-88D5-AC2C4670B223}.Debug|x64.ActiveCfg = Debug|Any CPU
		{8F32FD90-6DDE-4713-88D5-AC2C4670B223}.Debug|x64.Build.0 = Debug|Any CPU
		{8F32FD90-6DDE-4713-88D5-AC2C4670B223}.Debug|x64.Deploy.0 = Debug|Any CPU
		{8F32FD90-6DDE-4713-88D5-AC2C4670B223}.Debug|x86.ActiveCfg = Debug|Any CPU
		{8F32FD90-6DDE-4713-88D5-AC2C4670B223}.Debug|x86.Build.0 = Debug|Any CPU
		{8F32FD90-6DDE-4713-88D5-AC2C4670B223}.Debug|x86.Deploy.0 = Debug|Any CPU
		{8F32FD90-6DDE-4713-88D5-AC2C4670B223}.Release|Any CPU.ActiveCfg = Release|Any CPU
		{8F32FD90-6DDE-4713-88D5-AC2C4670B223}.Release|Any CPU.Build.0 = Release|Any CPU
		{8F32FD90-6DDE-4713-88D5-AC2C4670B223}.Release|Any CPU.Deploy.0 = Release|Any CPU
		{8F32FD90-6DDE-4713-88D5-AC2C4670B223}.Release|ARM.ActiveCfg = Release|Any CPU
		{8F32FD90-6DDE-4713-88D5-AC2C4670B223}.Release|ARM.Build.0 = Release|Any CPU
		{8F32FD90-6DDE-4713-88D5-AC2C4670B223}.Release|ARM.Deploy.0 = Release|Any CPU
		{8F32FD90-6DDE-4713-88D5-AC2C4670B223}.Release|iPhone.ActiveCfg = Release|Any CPU
		{8F32FD90-6DDE-4713-88D5-AC2C4670B223}.Release|iPhone.Build.0 = Release|Any CPU
		{8F32FD90-6DDE-4713-88D5-AC2C4670B223}.Release|iPhone.Deploy.0 = Release|Any CPU
		{8F32FD90-6DDE-4713-88D5-AC2C4670B223}.Release|iPhoneSimulator.ActiveCfg = Release|Any CPU
		{8F32FD90-6DDE-4713-88D5-AC2C4670B223}.Release|iPhoneSimulator.Build.0 = Release|Any CPU
		{8F32FD90-6DDE-4713-88D5-AC2C4670B223}.Release|iPhoneSimulator.Deploy.0 = Release|Any CPU
		{8F32FD90-6DDE-4713-88D5-AC2C4670B223}.Release|x64.ActiveCfg = Release|Any CPU
		{8F32FD90-6DDE-4713-88D5-AC2C4670B223}.Release|x64.Build.0 = Release|Any CPU
		{8F32FD90-6DDE-4713-88D5-AC2C4670B223}.Release|x64.Deploy.0 = Release|Any CPU
		{8F32FD90-6DDE-4713-88D5-AC2C4670B223}.Release|x86.ActiveCfg = Release|Any CPU
		{8F32FD90-6DDE-4713-88D5-AC2C4670B223}.Release|x86.Build.0 = Release|Any CPU
		{8F32FD90-6DDE-4713-88D5-AC2C4670B223}.Release|x86.Deploy.0 = Release|Any CPU
	EndGlobalSection
	GlobalSection(SolutionProperties) = preSolution
		HideSolutionNode = FALSE
	EndGlobalSection
	GlobalSection(ExtensibilityGlobals) = postSolution
		SolutionGuid = {F6A72414-E03D-446F-B631-B3366B1ECF8C}
	EndGlobalSection
EndGlobal
